
Microsoft Visual Studio Solution File, Format Version 12.00
# Visual Studio Version 17
VisualStudioVersion = 17.3.32922.545
MinimumVisualStudioVersion = 10.0.40219.1
Project("{FAE04EC0-301F-11D3-BF4B-00C04F79EFBC}") = "Roguelike", "Roguelike\Roguelike.csproj", "{ED5A5E21-E140-464E-A3BF-2F03EECCECA6}"
EndProject
Project("{9A19103F-16F7-4668-BE54-9A1E7A4F7556}") = "Nez.MG38", "..\Nez\Nez.Portable\Nez.MG38.csproj", "{86A9C79C-A63F-423E-92B4-E1F87DE048C5}"
EndProject
Global
	GlobalSection(SolutionConfigurationPlatforms) = preSolution
		Debug|Any CPU = Debug|Any CPU
		Release|Any CPU = Release|Any CPU
	EndGlobalSection
	GlobalSection(ProjectConfigurationPlatforms) = postSolution
		{ED5A5E21-E140-464E-A3BF-2F03EECCECA6}.Debug|Any CPU.ActiveCfg = Debug|Any CPU
		{ED5A5E21-E140-464E-A3BF-2F03EECCECA6}.Debug|Any CPU.Build.0 = Debug|Any CPU
		{ED5A5E21-E140-464E-A3BF-2F03EECCECA6}.Release|Any CPU.ActiveCfg = Release|Any CPU
		{ED5A5E21-E140-464E-A3BF-2F03EECCECA6}.Release|Any CPU.Build.0 = Release|Any CPU
		{86A9C79C-A63F-423E-92B4-E1F87DE048C5}.Debug|Any CPU.ActiveCfg = Debug|Any CPU
		{86A9C79C-A63F-423E-92B4-E1F87DE048C5}.Debug|Any CPU.Build.0 = Debug|Any CPU
		{86A9C79C-A63F-423E-92B4-E1F87DE048C5}.Release|Any CPU.ActiveCfg = Release|Any CPU
		{86A9C79C-A63F-423E-92B4-E1F87DE048C5}.Release|Any CPU.Build.0 = Release|Any CPU
	EndGlobalSection
	GlobalSection(SolutionProperties) = preSolution
		HideSolutionNode = FALSE
	EndGlobalSection
	GlobalSection(ExtensibilityGlobals) = postSolution
		SolutionGuid = {51E14416-F5E8-4A14-9E17-F649D39399ED}
	EndGlobalSection
EndGlobal
